
Microsoft Visual Studio Solution File, Format Version 12.00
# Visual Studio Version 16
VisualStudioVersion = 16.0.33927.289
MinimumVisualStudioVersion = 10.0.40219.1
Project("{FAE04EC0-301F-11D3-BF4B-00C04F79EFBC}") = "StudentCampus", "StudentCampus\StudentCampus.csproj", "{9A3068D8-073E-45DF-84CF-0092DB9190EC}"
EndProject
Global
	GlobalSection(SolutionConfigurationPlatforms) = preSolution
		Debug|Any CPU = Debug|Any CPU
		Release|Any CPU = Release|Any CPU
	EndGlobalSection
	GlobalSection(ProjectConfigurationPlatforms) = postSolution
		{9A3068D8-073E-45DF-84CF-0092DB9190EC}.Debug|Any CPU.ActiveCfg = Debug|Any CPU
		{9A3068D8-073E-45DF-84CF-0092DB9190EC}.Debug|Any CPU.Build.0 = Debug|Any CPU
		{9A3068D8-073E-45DF-84CF-0092DB9190EC}.Release|Any CPU.ActiveCfg = Release|Any CPU
		{9A3068D8-073E-45DF-84CF-0092DB9190EC}.Release|Any CPU.Build.0 = Release|Any CPU
	EndGlobalSection
	GlobalSection(SolutionProperties) = preSolution
		HideSolutionNode = FALSE
	EndGlobalSection
	GlobalSection(ExtensibilityGlobals) = postSolution
		SolutionGuid = {C7D56CB5-0156-4D41-A82D-DF223295551E}
	EndGlobalSection
EndGlobal
